// !$*UTF8*$!
{
	archiveVersion = 1;
	classes = {
	};
	objectVersion = 50;
	objects = {

/* Begin PBXBuildFile section */
		192F7B22271379F300B5EDAA /* AppDelegate.swift in Sources */ = {isa = PBXBuildFile; fileRef = 192F7B21271379F300B5EDAA /* AppDelegate.swift */; };
		192F7B24271379F400B5EDAA /* SceneDelegate.swift in Sources */ = {isa = PBXBuildFile; fileRef = 192F7B23271379F400B5EDAA /* SceneDelegate.swift */; };
		192F7B26271379F400B5EDAA /* ViewController.swift in Sources */ = {isa = PBXBuildFile; fileRef = 192F7B25271379F400B5EDAA /* ViewController.swift */; };
		192F7B29271379F400B5EDAA /* Main.storyboard in Resources */ = {isa = PBXBuildFile; fileRef = 192F7B27271379F400B5EDAA /* Main.storyboard */; };
		192F7B2B271379F900B5EDAA /* Assets.xcassets in Resources */ = {isa = PBXBuildFile; fileRef = 192F7B2A271379F900B5EDAA /* Assets.xcassets */; };
		192F7B2E271379F900B5EDAA /* LaunchScreen.storyboard in Resources */ = {isa = PBXBuildFile; fileRef = 192F7B2C271379F900B5EDAA /* LaunchScreen.storyboard */; };
		192F7B39271379F900B5EDAA /* ToDoListTests.swift in Sources */ = {isa = PBXBuildFile; fileRef = 192F7B38271379F900B5EDAA /* ToDoListTests.swift */; };
		192F7B44271379F900B5EDAA /* ToDoListUITests.swift in Sources */ = {isa = PBXBuildFile; fileRef = 192F7B43271379F900B5EDAA /* ToDoListUITests.swift */; };
/* End PBXBuildFile section */

/* Begin PBXContainerItemProxy section */
		192F7B35271379F900B5EDAA /* PBXContainerItemProxy */ = {
			isa = PBXContainerItemProxy;
			containerPortal = 192F7B16271379F300B5EDAA /* Project object */;
			proxyType = 1;
			remoteGlobalIDString = 192F7B1D271379F300B5EDAA;
			remoteInfo = ToDoList;
		};
		192F7B40271379F900B5EDAA /* PBXContainerItemProxy */ = {
			isa = PBXContainerItemProxy;
			containerPortal = 192F7B16271379F300B5EDAA /* Project object */;
			proxyType = 1;
			remoteGlobalIDString = 192F7B1D271379F300B5EDAA;
			remoteInfo = ToDoList;
		};
/* End PBXContainerItemProxy section */

/* Begin PBXFileReference section */
		192F7B1E271379F300B5EDAA /* ToDoList.app */ = {isa = PBXFileReference; explicitFileType = wrapper.application; includeInIndex = 0; path = ToDoList.app; sourceTree = BUILT_PRODUCTS_DIR; };
		192F7B21271379F300B5EDAA /* AppDelegate.swift */ = {isa = PBXFileReference; lastKnownFileType = sourcecode.swift; path = AppDelegate.swift; sourceTree = "<group>"; };
		192F7B23271379F400B5EDAA /* SceneDelegate.swift */ = {isa = PBXFileReference; lastKnownFileType = sourcecode.swift; path = SceneDelegate.swift; sourceTree = "<group>"; };
		192F7B25271379F400B5EDAA /* ViewController.swift */ = {isa = PBXFileReference; lastKnownFileType = sourcecode.swift; path = ViewController.swift; sourceTree = "<group>"; };
		192F7B28271379F400B5EDAA /* Base */ = {isa = PBXFileReference; lastKnownFileType = file.storyboard; name = Base; path = Base.lproj/Main.storyboard; sourceTree = "<group>"; };
		192F7B2A271379F900B5EDAA /* Assets.xcassets */ = {isa = PBXFileReference; lastKnownFileType = folder.assetcatalog; path = Assets.xcassets; sourceTree = "<group>"; };
		192F7B2D271379F900B5EDAA /* Base */ = {isa = PBXFileReference; lastKnownFileType = file.storyboard; name = Base; path = Base.lproj/LaunchScreen.storyboard; sourceTree = "<group>"; };
		192F7B2F271379F900B5EDAA /* Info.plist */ = {isa = PBXFileReference; lastKnownFileType = text.plist.xml; path = Info.plist; sourceTree = "<group>"; };
		192F7B34271379F900B5EDAA /* ToDoListTests.xctest */ = {isa = PBXFileReference; explicitFileType = wrapper.cfbundle; includeInIndex = 0; path = ToDoListTests.xctest; sourceTree = BUILT_PRODUCTS_DIR; };
		192F7B38271379F900B5EDAA /* ToDoListTests.swift */ = {isa = PBXFileReference; lastKnownFileType = sourcecode.swift; path = ToDoListTests.swift; sourceTree = "<group>"; };
		192F7B3A271379F900B5EDAA /* Info.plist */ = {isa = PBXFileReference; lastKnownFileType = text.plist.xml; path = Info.plist; sourceTree = "<group>"; };
		192F7B3F271379F900B5EDAA /* ToDoListUITests.xctest */ = {isa = PBXFileReference; explicitFileType = wrapper.cfbundle; includeInIndex = 0; path = ToDoListUITests.xctest; sourceTree = BUILT_PRODUCTS_DIR; };
		192F7B43271379F900B5EDAA /* ToDoListUITests.swift */ = {isa = PBXFileReference; lastKnownFileType = sourcecode.swift; path = ToDoListUITests.swift; sourceTree = "<group>"; };
		192F7B45271379F900B5EDAA /* Info.plist */ = {isa = PBXFileReference; lastKnownFileType = text.plist.xml; path = Info.plist; sourceTree = "<group>"; };
/* End PBXFileReference section */

/* Begin PBXFrameworksBuildPhase section */
		192F7B1B271379F300B5EDAA /* Frameworks */ = {
			isa = PBXFrameworksBuildPhase;
			buildActionMask = 2147483647;
			files = (
			);
			runOnlyForDeploymentPostprocessing = 0;
		};
		192F7B31271379F900B5EDAA /* Frameworks */ = {
			isa = PBXFrameworksBuildPhase;
			buildActionMask = 2147483647;
			files = (
			);
			runOnlyForDeploymentPostprocessing = 0;
		};
		192F7B3C271379F900B5EDAA /* Frameworks */ = {
			isa = PBXFrameworksBuildPhase;
			buildActionMask = 2147483647;
			files = (
			);
			runOnlyForDeploymentPostprocessing = 0;
		};
/* End PBXFrameworksBuildPhase section */

/* Begin PBXGroup section */
		192F7B15271379F300B5EDAA = {
			isa = PBXGroup;
			children = (
				192F7B20271379F300B5EDAA /* ToDoList */,
				192F7B37271379F900B5EDAA /* ToDoListTests */,
				192F7B42271379F900B5EDAA /* ToDoListUITests */,
				192F7B1F271379F300B5EDAA /* Products */,
			);
			sourceTree = "<group>";
		};
		192F7B1F271379F300B5EDAA /* Products */ = {
			isa = PBXGroup;
			children = (
				192F7B1E271379F300B5EDAA /* ToDoList.app */,
				192F7B34271379F900B5EDAA /* ToDoListTests.xctest */,
				192F7B3F271379F900B5EDAA /* ToDoListUITests.xctest */,
			);
			name = Products;
			sourceTree = "<group>";
		};
		192F7B20271379F300B5EDAA /* ToDoList */ = {
			isa = PBXGroup;
			children = (
				192F7B21271379F300B5EDAA /* AppDelegate.swift */,
				192F7B23271379F400B5EDAA /* SceneDelegate.swift */,
				192F7B25271379F400B5EDAA /* ViewController.swift */,
				192F7B27271379F400B5EDAA /* Main.storyboard */,
				192F7B2A271379F900B5EDAA /* Assets.xcassets */,
				192F7B2C271379F900B5EDAA /* LaunchScreen.storyboard */,
				192F7B2F271379F900B5EDAA /* Info.plist */,
			);
			path = ToDoList;
			sourceTree = "<group>";
		};
		192F7B37271379F900B5EDAA /* ToDoListTests */ = {
			isa = PBXGroup;
			children = (
				192F7B38271379F900B5EDAA /* ToDoListTests.swift */,
				192F7B3A271379F900B5EDAA /* Info.plist */,
			);
			path = ToDoListTests;
			sourceTree = "<group>";
		};
		192F7B42271379F900B5EDAA /* ToDoListUITests */ = {
			isa = PBXGroup;
			children = (
				192F7B43271379F900B5EDAA /* ToDoListUITests.swift */,
				192F7B45271379F900B5EDAA /* Info.plist */,
			);
			path = ToDoListUITests;
			sourceTree = "<group>";
		};
/* End PBXGroup section */

/* Begin PBXNativeTarget section */
		192F7B1D271379F300B5EDAA /* ToDoList */ = {
			isa = PBXNativeTarget;
			buildConfigurationList = 192F7B48271379F900B5EDAA /* Build configuration list for PBXNativeTarget "ToDoList" */;
			buildPhases = (
				192F7B1A271379F300B5EDAA /* Sources */,
				192F7B1B271379F300B5EDAA /* Frameworks */,
				192F7B1C271379F300B5EDAA /* Resources */,
			);
			buildRules = (
			);
			dependencies = (
			);
			name = ToDoList;
			productName = ToDoList;
			productReference = 192F7B1E271379F300B5EDAA /* ToDoList.app */;
			productType = "com.apple.product-type.application";
		};
		192F7B33271379F900B5EDAA /* ToDoListTests */ = {
			isa = PBXNativeTarget;
			buildConfigurationList = 192F7B4B271379F900B5EDAA /* Build configuration list for PBXNativeTarget "ToDoListTests" */;
			buildPhases = (
				192F7B30271379F900B5EDAA /* Sources */,
				192F7B31271379F900B5EDAA /* Frameworks */,
				192F7B32271379F900B5EDAA /* Resources */,
			);
			buildRules = (
			);
			dependencies = (
				192F7B36271379F900B5EDAA /* PBXTargetDependency */,
			);
			name = ToDoListTests;
			productName = ToDoListTests;
			productReference = 192F7B34271379F900B5EDAA /* ToDoListTests.xctest */;
			productType = "com.apple.product-type.bundle.unit-test";
		};
		192F7B3E271379F900B5EDAA /* ToDoListUITests */ = {
			isa = PBXNativeTarget;
			buildConfigurationList = 192F7B4E271379F900B5EDAA /* Build configuration list for PBXNativeTarget "ToDoListUITests" */;
			buildPhases = (
				192F7B3B271379F900B5EDAA /* Sources */,
				192F7B3C271379F900B5EDAA /* Frameworks */,
				192F7B3D271379F900B5EDAA /* Resources */,
			);
			buildRules = (
			);
			dependencies = (
				192F7B41271379F900B5EDAA /* PBXTargetDependency */,
			);
			name = ToDoListUITests;
			productName = ToDoListUITests;
			productReference = 192F7B3F271379F900B5EDAA /* ToDoListUITests.xctest */;
			productType = "com.apple.product-type.bundle.ui-testing";
		};
/* End PBXNativeTarget section */

/* Begin PBXProject section */
		192F7B16271379F300B5EDAA /* Project object */ = {
			isa = PBXProject;
			attributes = {
				LastSwiftUpdateCheck = 1250;
				LastUpgradeCheck = 1250;
				TargetAttributes = {
					192F7B1D271379F300B5EDAA = {
						CreatedOnToolsVersion = 12.5;
					};
					192F7B33271379F900B5EDAA = {
						CreatedOnToolsVersion = 12.5;
						TestTargetID = 192F7B1D271379F300B5EDAA;
					};
					192F7B3E271379F900B5EDAA = {
						CreatedOnToolsVersion = 12.5;
						TestTargetID = 192F7B1D271379F300B5EDAA;
					};
				};
			};
			buildConfigurationList = 192F7B19271379F300B5EDAA /* Build configuration list for PBXProject "ToDoList" */;
			compatibilityVersion = "Xcode 9.3";
			developmentRegion = en;
			hasScannedForEncodings = 0;
			knownRegions = (
				en,
				Base,
			);
			mainGroup = 192F7B15271379F300B5EDAA;
			productRefGroup = 192F7B1F271379F300B5EDAA /* Products */;
			projectDirPath = "";
			projectRoot = "";
			targets = (
				192F7B1D271379F300B5EDAA /* ToDoList */,
				192F7B33271379F900B5EDAA /* ToDoListTests */,
				192F7B3E271379F900B5EDAA /* ToDoListUITests */,
			);
		};
/* End PBXProject section */

/* Begin PBXResourcesBuildPhase section */
		192F7B1C271379F300B5EDAA /* Resources */ = {
			isa = PBXResourcesBuildPhase;
			buildActionMask = 2147483647;
			files = (
				192F7B2E271379F900B5EDAA /* LaunchScreen.storyboard in Resources */,
				192F7B2B271379F900B5EDAA /* Assets.xcassets in Resources */,
				192F7B29271379F400B5EDAA /* Main.storyboard in Resources */,
			);
			runOnlyForDeploymentPostprocessing = 0;
		};
		192F7B32271379F900B5EDAA /* Resources */ = {
			isa = PBXResourcesBuildPhase;
			buildActionMask = 2147483647;
			files = (
			);
			runOnlyForDeploymentPostprocessing = 0;
		};
		192F7B3D271379F900B5EDAA /* Resources */ = {
			isa = PBXResourcesBuildPhase;
			buildActionMask = 2147483647;
			files = (
			);
			runOnlyForDeploymentPostprocessing = 0;
		};
/* End PBXResourcesBuildPhase section */

/* Begin PBXSourcesBuildPhase section */
		192F7B1A271379F300B5EDAA /* Sources */ = {
			isa = PBXSourcesBuildPhase;
			buildActionMask = 2147483647;
			files = (
				192F7B26271379F400B5EDAA /* ViewController.swift in Sources */,
				192F7B22271379F300B5EDAA /* AppDelegate.swift in Sources */,
				192F7B24271379F400B5EDAA /* SceneDelegate.swift in Sources */,
			);
			runOnlyForDeploymentPostprocessing = 0;
		};
		192F7B30271379F900B5EDAA /* Sources */ = {
			isa = PBXSourcesBuildPhase;
			buildActionMask = 2147483647;
			files = (
				192F7B39271379F900B5EDAA /* ToDoListTests.swift in Sources */,
			);
			runOnlyForDeploymentPostprocessing = 0;
		};
		192F7B3B271379F900B5EDAA /* Sources */ = {
			isa = PBXSourcesBuildPhase;
			buildActionMask = 2147483647;
			files = (
				192F7B44271379F900B5EDAA /* ToDoListUITests.swift in Sources */,
			);
			runOnlyForDeploymentPostprocessing = 0;
		};
/* End PBXSourcesBuildPhase section */

/* Begin PBXTargetDependency section */
		192F7B36271379F900B5EDAA /* PBXTargetDependency */ = {
			isa = PBXTargetDependency;
			target = 192F7B1D271379F300B5EDAA /* ToDoList */;
			targetProxy = 192F7B35271379F900B5EDAA /* PBXContainerItemProxy */;
		};
		192F7B41271379F900B5EDAA /* PBXTargetDependency */ = {
			isa = PBXTargetDependency;
			target = 192F7B1D271379F300B5EDAA /* ToDoList */;
			targetProxy = 192F7B40271379F900B5EDAA /* PBXContainerItemProxy */;
		};
/* End PBXTargetDependency section */

/* Begin PBXVariantGroup section */
		192F7B27271379F400B5EDAA /* Main.storyboard */ = {
			isa = PBXVariantGroup;
			children = (
				192F7B28271379F400B5EDAA /* Base */,
			);
			name = Main.storyboard;
			sourceTree = "<group>";
		};
		192F7B2C271379F900B5EDAA /* LaunchScreen.storyboard */ = {
			isa = PBXVariantGroup;
			children = (
				192F7B2D271379F900B5EDAA /* Base */,
			);
			name = LaunchScreen.storyboard;
			sourceTree = "<group>";
		};
/* End PBXVariantGroup section */

/* Begin XCBuildConfiguration section */
		192F7B46271379F900B5EDAA /* Debug */ = {
			isa = XCBuildConfiguration;
			buildSettings = {
				ALWAYS_SEARCH_USER_PATHS = NO;
				CLANG_ANALYZER_NONNULL = YES;
				CLANG_ANALYZER_NUMBER_OBJECT_CONVERSION = YES_AGGRESSIVE;
				CLANG_CXX_LANGUAGE_STANDARD = "gnu++14";
				CLANG_CXX_LIBRARY = "libc++";
				CLANG_ENABLE_MODULES = YES;
				CLANG_ENABLE_OBJC_ARC = YES;
				CLANG_ENABLE_OBJC_WEAK = YES;
				CLANG_WARN_BLOCK_CAPTURE_AUTORELEASING = YES;
				CLANG_WARN_BOOL_CONVERSION = YES;
				CLANG_WARN_COMMA = YES;
				CLANG_WARN_CONSTANT_CONVERSION = YES;
				CLANG_WARN_DEPRECATED_OBJC_IMPLEMENTATIONS = YES;
				CLANG_WARN_DIRECT_OBJC_ISA_USAGE = YES_ERROR;
				CLANG_WARN_DOCUMENTATION_COMMENTS = YES;
				CLANG_WARN_EMPTY_BODY = YES;
				CLANG_WARN_ENUM_CONVERSION = YES;
				CLANG_WARN_INFINITE_RECURSION = YES;
				CLANG_WARN_INT_CONVERSION = YES;
				CLANG_WARN_NON_LITERAL_NULL_CONVERSION = YES;
				CLANG_WARN_OBJC_IMPLICIT_RETAIN_SELF = YES;
				CLANG_WARN_OBJC_LITERAL_CONVERSION = YES;
				CLANG_WARN_OBJC_ROOT_CLASS = YES_ERROR;
				CLANG_WARN_QUOTED_INCLUDE_IN_FRAMEWORK_HEADER = YES;
				CLANG_WARN_RANGE_LOOP_ANALYSIS = YES;
				CLANG_WARN_STRICT_PROTOTYPES = YES;
				CLANG_WARN_SUSPICIOUS_MOVE = YES;
				CLANG_WARN_UNGUARDED_AVAILABILITY = YES_AGGRESSIVE;
				CLANG_WARN_UNREACHABLE_CODE = YES;
				CLANG_WARN__DUPLICATE_METHOD_MATCH = YES;
				COPY_PHASE_STRIP = NO;
				DEBUG_INFORMATION_FORMAT = dwarf;
				ENABLE_STRICT_OBJC_MSGSEND = YES;
				ENABLE_TESTABILITY = YES;
				GCC_C_LANGUAGE_STANDARD = gnu11;
				GCC_DYNAMIC_NO_PIC = NO;
				GCC_NO_COMMON_BLOCKS = YES;
				GCC_OPTIMIZATION_LEVEL = 0;
				GCC_PREPROCESSOR_DEFINITIONS = (
					"DEBUG=1",
					"$(inherited)",
				);
				GCC_WARN_64_TO_32_BIT_CONVERSION = YES;
				GCC_WARN_ABOUT_RETURN_TYPE = YES_ERROR;
				GCC_WARN_UNDECLARED_SELECTOR = YES;
				GCC_WARN_UNINITIALIZED_AUTOS = YES_AGGRESSIVE;
				GCC_WARN_UNUSED_FUNCTION = YES;
				GCC_WARN_UNUSED_VARIABLE = YES;
				IPHONEOS_DEPLOYMENT_TARGET = 14.5;
				MTL_ENABLE_DEBUG_INFO = INCLUDE_SOURCE;
				MTL_FAST_MATH = YES;
				ONLY_ACTIVE_ARCH = YES;
				SDKROOT = iphoneos;
				SWIFT_ACTIVE_COMPILATION_CONDITIONS = DEBUG;
				SWIFT_OPTIMIZATION_LEVEL = "-Onone";
			};
			name = Debug;
		};
		192F7B47271379F900B5EDAA /* Release */ = {
			isa = XCBuildConfiguration;
			buildSettings = {
				ALWAYS_SEARCH_USER_PATHS = NO;
				CLANG_ANALYZER_NONNULL = YES;
				CLANG_ANALYZER_NUMBER_OBJECT_CONVERSION = YES_AGGRESSIVE;
				CLANG_CXX_LANGUAGE_STANDARD = "gnu++14";
				CLANG_CXX_LIBRARY = "libc++";
				CLANG_ENABLE_MODULES = YES;
				CLANG_ENABLE_OBJC_ARC = YES;
				CLANG_ENABLE_OBJC_WEAK = YES;
				CLANG_WARN_BLOCK_CAPTURE_AUTORELEASING = YES;
				CLANG_WARN_BOOL_CONVERSION = YES;
				CLANG_WARN_COMMA = YES;
				CLANG_WARN_CONSTANT_CONVERSION = YES;
				CLANG_WARN_DEPRECATED_OBJC_IMPLEMENTATIONS = YES;
				CLANG_WARN_DIRECT_OBJC_ISA_USAGE = YES_ERROR;
				CLANG_WARN_DOCUMENTATION_COMMENTS = YES;
				CLANG_WARN_EMPTY_BODY = YES;
				CLANG_WARN_ENUM_CONVERSION = YES;
				CLANG_WARN_INFINITE_RECURSION = YES;
				CLANG_WARN_INT_CONVERSION = YES;
				CLANG_WARN_NON_LITERAL_NULL_CONVERSION = YES;
				CLANG_WARN_OBJC_IMPLICIT_RETAIN_SELF = YES;
				CLANG_WARN_OBJC_LITERAL_CONVERSION = YES;
				CLANG_WARN_OBJC_ROOT_CLASS = YES_ERROR;
				CLANG_WARN_QUOTED_INCLUDE_IN_FRAMEWORK_HEADER = YES;
				CLANG_WARN_RANGE_LOOP_ANALYSIS = YES;
				CLANG_WARN_STRICT_PROTOTYPES = YES;
				CLANG_WARN_SUSPICIOUS_MOVE = YES;
				CLANG_WARN_UNGUARDED_AVAILABILITY = YES_AGGRESSIVE;
				CLANG_WARN_UNREACHABLE_CODE = YES;
				CLANG_WARN__DUPLICATE_METHOD_MATCH = YES;
				COPY_PHASE_STRIP = NO;
				DEBUG_INFORMATION_FORMAT = "dwarf-with-dsym";
				ENABLE_NS_ASSERTIONS = NO;
				ENABLE_STRICT_OBJC_MSGSEND = YES;
				GCC_C_LANGUAGE_STANDARD = gnu11;
				GCC_NO_COMMON_BLOCKS = YES;
				GCC_WARN_64_TO_32_BIT_CONVERSION = YES;
				GCC_WARN_ABOUT_RETURN_TYPE = YES_ERROR;
				GCC_WARN_UNDECLARED_SELECTOR = YES;
				GCC_WARN_UNINITIALIZED_AUTOS = YES_AGGRESSIVE;
				GCC_WARN_UNUSED_FUNCTION = YES;
				GCC_WARN_UNUSED_VARIABLE = YES;
				IPHONEOS_DEPLOYMENT_TARGET = 14.5;
				MTL_ENABLE_DEBUG_INFO = NO;
				MTL_FAST_MATH = YES;
				SDKROOT = iphoneos;
				SWIFT_COMPILATION_MODE = wholemodule;
				SWIFT_OPTIMIZATION_LEVEL = "-O";
				VALIDATE_PRODUCT = YES;
			};
			name = Release;
		};
		192F7B49271379F900B5EDAA /* Debug */ = {
			isa = XCBuildConfiguration;
			buildSettings = {
				ASSETCATALOG_COMPILER_APPICON_NAME = AppIcon;
				ASSETCATALOG_COMPILER_GLOBAL_ACCENT_COLOR_NAME = AccentColor;
				CODE_SIGN_STYLE = Automatic;
				DEVELOPMENT_TEAM = LTYW28W757;
				INFOPLIST_FILE = ToDoList/Info.plist;
				LD_RUNPATH_SEARCH_PATHS = (
					"$(inherited)",
					"@executable_path/Frameworks",
				);
				PRODUCT_BUNDLE_IDENTIFIER = Company.ToDoList;
				PRODUCT_NAME = "$(TARGET_NAME)";
				SWIFT_VERSION = 5.0;
				TARGETED_DEVICE_FAMILY = "1,2";
			};
			name = Debug;
		};
		192F7B4A271379F900B5EDAA /* Release */ = {
			isa = XCBuildConfiguration;
			buildSettings = {
				ASSETCATALOG_COMPILER_APPICON_NAME = AppIcon;
				ASSETCATALOG_COMPILER_GLOBAL_ACCENT_COLOR_NAME = AccentColor;
				CODE_SIGN_STYLE = Automatic;
				DEVELOPMENT_TEAM = LTYW28W757;
				INFOPLIST_FILE = ToDoList/Info.plist;
				LD_RUNPATH_SEARCH_PATHS = (
					"$(inherited)",
					"@executable_path/Frameworks",
				);
				PRODUCT_BUNDLE_IDENTIFIER = Company.ToDoList;
				PRODUCT_NAME = "$(TARGET_NAME)";
				SWIFT_VERSION = 5.0;
				TARGETED_DEVICE_FAMILY = "1,2";
			};
			name = Release;
		};
		192F7B4C271379F900B5EDAA /* Debug */ = {
			isa = XCBuildConfiguration;
			buildSettings = {
				ALWAYS_EMBED_SWIFT_STANDARD_LIBRARIES = YES;
				BUNDLE_LOADER = "$(TEST_HOST)";
				CODE_SIGN_STYLE = Automatic;
				DEVELOPMENT_TEAM = LTYW28W757;
				INFOPLIST_FILE = ToDoListTests/Info.plist;
				IPHONEOS_DEPLOYMENT_TARGET = 14.5;
				LD_RUNPATH_SEARCH_PATHS = (
					"$(inherited)",
					"@executable_path/Frameworks",
					"@loader_path/Frameworks",
				);
				PRODUCT_BUNDLE_IDENTIFIER = Company.ToDoListTests;
				PRODUCT_NAME = "$(TARGET_NAME)";
				SWIFT_VERSION = 5.0;
				TARGETED_DEVICE_FAMILY = "1,2";
				TEST_HOST = "$(BUILT_PRODUCTS_DIR)/ToDoList.app/ToDoList";
			};
			name = Debug;
		};
		192F7B4D271379F900B5EDAA /* Release */ = {
			isa = XCBuildConfiguration;
			buildSettings = {
				ALWAYS_EMBED_SWIFT_STANDARD_LIBRARIES = YES;
				BUNDLE_LOADER = "$(TEST_HOST)";
				CODE_SIGN_STYLE = Automatic;
				DEVELOPMENT_TEAM = LTYW28W757;
				INFOPLIST_FILE = ToDoListTests/Info.plist;
				IPHONEOS_DEPLOYMENT_TARGET = 14.5;
				LD_RUNPATH_SEARCH_PATHS = (
					"$(inherited)",
					"@executable_path/Frameworks",
					"@loader_path/Frameworks",
				);
				PRODUCT_BUNDLE_IDENTIFIER = Company.ToDoListTests;
				PRODUCT_NAME = "$(TARGET_NAME)";
				SWIFT_VERSION = 5.0;
				TARGETED_DEVICE_FAMILY = "1,2";
				TEST_HOST = "$(BUILT_PRODUCTS_DIR)/ToDoList.app/ToDoList";
			};
			name = Release;
		};
		192F7B4F271379F900B5EDAA /* Debug */ = {
			isa = XCBuildConfiguration;
			buildSettings = {
				ALWAYS_EMBED_SWIFT_STANDARD_LIBRARIES = YES;
				CODE_SIGN_STYLE = Automatic;
				DEVELOPMENT_TEAM = LTYW28W757;
				INFOPLIST_FILE = ToDoListUITests/Info.plist;
				LD_RUNPATH_SEARCH_PATHS = (
					"$(inherited)",
					"@executable_path/Frameworks",
					"@loader_path/Frameworks",
				);
				PRODUCT_BUNDLE_IDENTIFIER = Company.ToDoListUITests;
				PRODUCT_NAME = "$(TARGET_NAME)";
				SWIFT_VERSION = 5.0;
				TARGETED_DEVICE_FAMILY = "1,2";
				TEST_TARGET_NAME = ToDoList;
			};
			name = Debug;
		};
		192F7B50271379F900B5EDAA /* Release */ = {
			isa = XCBuildConfiguration;
			buildSettings = {
				ALWAYS_EMBED_SWIFT_STANDARD_LIBRARIES = YES;
				CODE_SIGN_STYLE = Automatic;
				DEVELOPMENT_TEAM = LTYW28W757;
				INFOPLIST_FILE = ToDoListUITests/Info.plist;
				LD_RUNPATH_SEARCH_PATHS = (
					"$(inherited)",
					"@executable_path/Frameworks",
					"@loader_path/Frameworks",
				);
				PRODUCT_BUNDLE_IDENTIFIER = Company.ToDoListUITests;
				PRODUCT_NAME = "$(TARGET_NAME)";
				SWIFT_VERSION = 5.0;
				TARGETED_DEVICE_FAMILY = "1,2";
				TEST_TARGET_NAME = ToDoList;
			};
			name = Release;
		};
/* End XCBuildConfiguration section */

/* Begin XCConfigurationList section */
		192F7B19271379F300B5EDAA /* Build configuration list for PBXProject "ToDoList" */ = {
			isa = XCConfigurationList;
			buildConfigurations = (
				192F7B46271379F900B5EDAA /* Debug */,
				192F7B47271379F900B5EDAA /* Release */,
			);
			defaultConfigurationIsVisible = 0;
			defaultConfigurationName = Release;
		};
		192F7B48271379F900B5EDAA /* Build configuration list for PBXNativeTarget "ToDoList" */ = {
			isa = XCConfigurationList;
			buildConfigurations = (
				192F7B49271379F900B5EDAA /* Debug */,
				192F7B4A271379F900B5EDAA /* Release */,
			);
			defaultConfigurationIsVisible = 0;
			defaultConfigurationName = Release;
		};
		192F7B4B271379F900B5EDAA /* Build configuration list for PBXNativeTarget "ToDoListTests" */ = {
			isa = XCConfigurationList;
			buildConfigurations = (
				192F7B4C271379F900B5EDAA /* Debug */,
				192F7B4D271379F900B5EDAA /* Release */,
			);
			defaultConfigurationIsVisible = 0;
			defaultConfigurationName = Release;
		};
		192F7B4E271379F900B5EDAA /* Build configuration list for PBXNativeTarget "ToDoListUITests" */ = {
			isa = XCConfigurationList;
			buildConfigurations = (
				192F7B4F271379F900B5EDAA /* Debug */,
				192F7B50271379F900B5EDAA /* Release */,
			);
			defaultConfigurationIsVisible = 0;
			defaultConfigurationName = Release;
		};
/* End XCConfigurationList section */
	};
	rootObject = 192F7B16271379F300B5EDAA /* Project object */;
}
